
Microsoft Visual Studio Solution File, Format Version 12.00
# Visual Studio Version 16
VisualStudioVersion = 16.0.32002.261
MinimumVisualStudioVersion = 10.0.40219.1
Project("{FAE04EC0-301F-11D3-BF4B-00C04F79EFBC}") = "csharpproject", "csharpproject\csharpproject.csproj", "{43C2879B-02A8-44C6-8033-80FD443979EE}"
EndProject
Global
	GlobalSection(SolutionConfigurationPlatforms) = preSolution
		Debug|Any CPU = Debug|Any CPU
		Release|Any CPU = Release|Any CPU
	EndGlobalSection
	GlobalSection(ProjectConfigurationPlatforms) = postSolution
		{43C2879B-02A8-44C6-8033-80FD443979EE}.Debug|Any CPU.ActiveCfg = Debug|Any CPU
		{43C2879B-02A8-44C6-8033-80FD443979EE}.Debug|Any CPU.Build.0 = Debug|Any CPU
		{43C2879B-02A8-44C6-8033-80FD443979EE}.Release|Any CPU.ActiveCfg = Release|Any CPU
		{43C2879B-02A8-44C6-8033-80FD443979EE}.Release|Any CPU.Build.0 = Release|Any CPU
	EndGlobalSection
	GlobalSection(SolutionProperties) = preSolution
		HideSolutionNode = FALSE
	EndGlobalSection
	GlobalSection(ExtensibilityGlobals) = postSolution
		SolutionGuid = {9EF93614-64B8-4E61-BC02-A78BE3336FA4}
	EndGlobalSection
EndGlobal
